<?xml version="1.0" encoding="UTF-8"?>
<Scheme LastUpgradeVersion="2620" version="1.7">
    <BuildAction parallelizeBuildables="YES" buildImplicitDependencies="YES">
        <BuildActionEntries>
            <BuildActionEntry buildForTesting="YES" buildForRunning="YES" buildForProfiling="YES" buildForArchiving="YES" buildForAnalyzing="YES">
                <BuildableReference BuildableIdentifier="primary" BlueprintIdentifier="080000000000000000000001" BuildableName="OrchardBenchmark.app" BlueprintName="OrchardBenchmark" ReferencedContainer="container:OrchardBenchmark.xcodeproj"/>
            </BuildActionEntry>
            <BuildActionEntry buildForTesting="YES" buildForRunning="NO" buildForProfiling="NO" buildForArchiving="NO" buildForAnalyzing="YES">
                <BuildableReference BuildableIdentifier="primary" BlueprintIdentifier="080000000000000000000002" BuildableName="OrchardBenchmarkTests.xctest" BlueprintName="OrchardBenchmarkTests" ReferencedContainer="container:OrchardBenchmark.xcodeproj"/>
            </BuildActionEntry>
        </BuildActionEntries>
    </BuildAction>
    <TestAction buildConfiguration="Release" selectedDebuggerIdentifier="Xcode.DebuggerFoundation.Debugger.LLDB" selectedLauncherIdentifier="Xcode.DebuggerFoundation.Launcher.LLDB" shouldUseLaunchSchemeArgsEnv="YES">
        <Testables>
            <TestableReference skipped="NO">
                <BuildableReference BuildableIdentifier="primary" BlueprintIdentifier="080000000000000000000002" BuildableName="OrchardBenchmarkTests.xctest" BlueprintName="OrchardBenchmarkTests" ReferencedContainer="container:OrchardBenchmark.xcodeproj"/>
            </TestableReference>
        </Testables>
    </TestAction>
    <LaunchAction buildConfiguration="Release" selectedDebuggerIdentifier="Xcode.DebuggerFoundation.Debugger.LLDB" selectedLauncherIdentifier="Xcode.DebuggerFoundation.Launcher.LLDB" launchStyle="0" useCustomWorkingDirectory="NO" ignoresPersistentStateOnLaunch="NO" debugDocumentVersioning="YES" debugServiceExtension="internal" allowLocationSimulation="YES">
        <BuildableProductRunnable runnableDebuggingMode="0">
            <BuildableReference BuildableIdentifier="primary" BlueprintIdentifier="080000000000000000000001" BuildableName="OrchardBenchmark.app" BlueprintName="OrchardBenchmark" ReferencedContainer="container:OrchardBenchmark.xcodeproj"/>
        </BuildableProductRunnable>
    </LaunchAction>
    <ProfileAction buildConfiguration="Release" shouldUseLaunchSchemeArgsEnv="YES" savedToolIdentifier="" useCustomWorkingDirectory="NO" debugDocumentVersioning="YES">
        <BuildableProductRunnable runnableDebuggingMode="0">
            <BuildableReference BuildableIdentifier="primary" BlueprintIdentifier="080000000000000000000001" BuildableName="OrchardBenchmark.app" BlueprintName="OrchardBenchmark" ReferencedContainer="container:OrchardBenchmark.xcodeproj"/>
        </BuildableProductRunnable>
    </ProfileAction>
    <AnalyzeAction buildConfiguration="Release"/>
    <ArchiveAction buildConfiguration="Release" revealArchiveInOrganizer="YES"/>
</Scheme>
